// !$*UTF8*$!
{
	archiveVersion = 1;
	classes = {
	};
	objectVersion = 50;
	objects = {

/* Begin PBXBuildFile section */
		3DB45D49270529070037315F /* AppDelegate.swift in Sources */ = {isa = PBXBuildFile; fileRef = 3DB45D48270529070037315F /* AppDelegate.swift */; };
		3DB45D4B270529070037315F /* RosaController.swift in Sources */ = {isa = PBXBuildFile; fileRef = 3DB45D4A270529070037315F /* RosaController.swift */; };
		3DB45D4E270529070037315F /* Main.storyboard in Resources */ = {isa = PBXBuildFile; fileRef = 3DB45D4C270529070037315F /* Main.storyboard */; };
		3DB45D502705290C0037315F /* Assets.xcassets in Resources */ = {isa = PBXBuildFile; fileRef = 3DB45D4F2705290C0037315F /* Assets.xcassets */; };
		3DB45D532705290C0037315F /* LaunchScreen.storyboard in Resources */ = {isa = PBXBuildFile; fileRef = 3DB45D512705290C0037315F /* LaunchScreen.storyboard */; };
		3DB45D5E2705290C0037315F /* NavegacionTests.swift in Sources */ = {isa = PBXBuildFile; fileRef = 3DB45D5D2705290C0037315F /* NavegacionTests.swift */; };
		3DB45D692705290C0037315F /* NavegacionUITests.swift in Sources */ = {isa = PBXBuildFile; fileRef = 3DB45D682705290C0037315F /* NavegacionUITests.swift */; };
		3DB45D7727052ED90037315F /* AzulController.swift in Sources */ = {isa = PBXBuildFile; fileRef = 3DB45D7627052ED80037315F /* AzulController.swift */; };
/* End PBXBuildFile section */

/* Begin PBXContainerItemProxy section */
		3DB45D5A2705290C0037315F /* PBXContainerItemProxy */ = {
			isa = PBXContainerItemProxy;
			containerPortal = 3DB45D3D270529060037315F /* Project object */;
			proxyType = 1;
			remoteGlobalIDString = 3DB45D44270529060037315F;
			remoteInfo = Navegacion;
		};
		3DB45D652705290C0037315F /* PBXContainerItemProxy */ = {
			isa = PBXContainerItemProxy;
			containerPortal = 3DB45D3D270529060037315F /* Project object */;
			proxyType = 1;
			remoteGlobalIDString = 3DB45D44270529060037315F;
			remoteInfo = Navegacion;
		};
/* End PBXContainerItemProxy section */

/* Begin PBXFileReference section */
		3DB45D45270529070037315F /* Navegacion.app */ = {isa = PBXFileReference; explicitFileType = wrapper.application; includeInIndex = 0; path = Navegacion.app; sourceTree = BUILT_PRODUCTS_DIR; };
		3DB45D48270529070037315F /* AppDelegate.swift */ = {isa = PBXFileReference; lastKnownFileType = sourcecode.swift; path = AppDelegate.swift; sourceTree = "<group>"; };
		3DB45D4A270529070037315F /* RosaController.swift */ = {isa = PBXFileReference; lastKnownFileType = sourcecode.swift; path = RosaController.swift; sourceTree = "<group>"; };
		3DB45D4D270529070037315F /* Base */ = {isa = PBXFileReference; lastKnownFileType = file.storyboard; name = Base; path = Base.lproj/Main.storyboard; sourceTree = "<group>"; };
		3DB45D4F2705290C0037315F /* Assets.xcassets */ = {isa = PBXFileReference; lastKnownFileType = folder.assetcatalog; path = Assets.xcassets; sourceTree = "<group>"; };
		3DB45D522705290C0037315F /* Base */ = {isa = PBXFileReference; lastKnownFileType = file.storyboard; name = Base; path = Base.lproj/LaunchScreen.storyboard; sourceTree = "<group>"; };
		3DB45D542705290C0037315F /* Info.plist */ = {isa = PBXFileReference; lastKnownFileType = text.plist.xml; path = Info.plist; sourceTree = "<group>"; };
		3DB45D592705290C0037315F /* NavegacionTests.xctest */ = {isa = PBXFileReference; explicitFileType = wrapper.cfbundle; includeInIndex = 0; path = NavegacionTests.xctest; sourceTree = BUILT_PRODUCTS_DIR; };
		3DB45D5D2705290C0037315F /* NavegacionTests.swift */ = {isa = PBXFileReference; lastKnownFileType = sourcecode.swift; path = NavegacionTests.swift; sourceTree = "<group>"; };
		3DB45D5F2705290C0037315F /* Info.plist */ = {isa = PBXFileReference; lastKnownFileType = text.plist.xml; path = Info.plist; sourceTree = "<group>"; };
		3DB45D642705290C0037315F /* NavegacionUITests.xctest */ = {isa = PBXFileReference; explicitFileType = wrapper.cfbundle; includeInIndex = 0; path = NavegacionUITests.xctest; sourceTree = BUILT_PRODUCTS_DIR; };
		3DB45D682705290C0037315F /* NavegacionUITests.swift */ = {isa = PBXFileReference; lastKnownFileType = sourcecode.swift; path = NavegacionUITests.swift; sourceTree = "<group>"; };
		3DB45D6A2705290C0037315F /* Info.plist */ = {isa = PBXFileReference; lastKnownFileType = text.plist.xml; path = Info.plist; sourceTree = "<group>"; };
		3DB45D7627052ED80037315F /* AzulController.swift */ = {isa = PBXFileReference; lastKnownFileType = sourcecode.swift; path = AzulController.swift; sourceTree = "<group>"; };
/* End PBXFileReference section */

/* Begin PBXFrameworksBuildPhase section */
		3DB45D42270529060037315F /* Frameworks */ = {
			isa = PBXFrameworksBuildPhase;
			buildActionMask = 2147483647;
			files = (
			);
			runOnlyForDeploymentPostprocessing = 0;
		};
		3DB45D562705290C0037315F /* Frameworks */ = {
			isa = PBXFrameworksBuildPhase;
			buildActionMask = 2147483647;
			files = (
			);
			runOnlyForDeploymentPostprocessing = 0;
		};
		3DB45D612705290C0037315F /* Frameworks */ = {
			isa = PBXFrameworksBuildPhase;
			buildActionMask = 2147483647;
			files = (
			);
			runOnlyForDeploymentPostprocessing = 0;
		};
/* End PBXFrameworksBuildPhase section */

/* Begin PBXGroup section */
		3DB45D3C270529060037315F = {
			isa = PBXGroup;
			children = (
				3DB45D47270529070037315F /* Navegacion */,
				3DB45D5C2705290C0037315F /* NavegacionTests */,
				3DB45D672705290C0037315F /* NavegacionUITests */,
				3DB45D46270529070037315F /* Products */,
			);
			sourceTree = "<group>";
		};
		3DB45D46270529070037315F /* Products */ = {
			isa = PBXGroup;
			children = (
				3DB45D45270529070037315F /* Navegacion.app */,
				3DB45D592705290C0037315F /* NavegacionTests.xctest */,
				3DB45D642705290C0037315F /* NavegacionUITests.xctest */,
			);
			name = Products;
			sourceTree = "<group>";
		};
		3DB45D47270529070037315F /* Navegacion */ = {
			isa = PBXGroup;
			children = (
				3DB45D48270529070037315F /* AppDelegate.swift */,
				3DB45D4A270529070037315F /* RosaController.swift */,
				3DB45D4C270529070037315F /* Main.storyboard */,
				3DB45D4F2705290C0037315F /* Assets.xcassets */,
				3DB45D512705290C0037315F /* LaunchScreen.storyboard */,
				3DB45D542705290C0037315F /* Info.plist */,
				3DB45D7627052ED80037315F /* AzulController.swift */,
			);
			path = Navegacion;
			sourceTree = "<group>";
		};
		3DB45D5C2705290C0037315F /* NavegacionTests */ = {
			isa = PBXGroup;
			children = (
				3DB45D5D2705290C0037315F /* NavegacionTests.swift */,
				3DB45D5F2705290C0037315F /* Info.plist */,
			);
			path = NavegacionTests;
			sourceTree = "<group>";
		};
		3DB45D672705290C0037315F /* NavegacionUITests */ = {
			isa = PBXGroup;
			children = (
				3DB45D682705290C0037315F /* NavegacionUITests.swift */,
				3DB45D6A2705290C0037315F /* Info.plist */,
			);
			path = NavegacionUITests;
			sourceTree = "<group>";
		};
/* End PBXGroup section */

/* Begin PBXNativeTarget section */
		3DB45D44270529060037315F /* Navegacion */ = {
			isa = PBXNativeTarget;
			buildConfigurationList = 3DB45D6D2705290C0037315F /* Build configuration list for PBXNativeTarget "Navegacion" */;
			buildPhases = (
				3DB45D41270529060037315F /* Sources */,
				3DB45D42270529060037315F /* Frameworks */,
				3DB45D43270529060037315F /* Resources */,
			);
			buildRules = (
			);
			dependencies = (
			);
			name = Navegacion;
			productName = Navegacion;
			productReference = 3DB45D45270529070037315F /* Navegacion.app */;
			productType = "com.apple.product-type.application";
		};
		3DB45D582705290C0037315F /* NavegacionTests */ = {
			isa = PBXNativeTarget;
			buildConfigurationList = 3DB45D702705290C0037315F /* Build configuration list for PBXNativeTarget "NavegacionTests" */;
			buildPhases = (
				3DB45D552705290C0037315F /* Sources */,
				3DB45D562705290C0037315F /* Frameworks */,
				3DB45D572705290C0037315F /* Resources */,
			);
			buildRules = (
			);
			dependencies = (
				3DB45D5B2705290C0037315F /* PBXTargetDependency */,
			);
			name = NavegacionTests;
			productName = NavegacionTests;
			productReference = 3DB45D592705290C0037315F /* NavegacionTests.xctest */;
			productType = "com.apple.product-type.bundle.unit-test";
		};
		3DB45D632705290C0037315F /* NavegacionUITests */ = {
			isa = PBXNativeTarget;
			buildConfigurationList = 3DB45D732705290C0037315F /* Build configuration list for PBXNativeTarget "NavegacionUITests" */;
			buildPhases = (
				3DB45D602705290C0037315F /* Sources */,
				3DB45D612705290C0037315F /* Frameworks */,
				3DB45D622705290C0037315F /* Resources */,
			);
			buildRules = (
			);
			dependencies = (
				3DB45D662705290C0037315F /* PBXTargetDependency */,
			);
			name = NavegacionUITests;
			productName = NavegacionUITests;
			productReference = 3DB45D642705290C0037315F /* NavegacionUITests.xctest */;
			productType = "com.apple.product-type.bundle.ui-testing";
		};
/* End PBXNativeTarget section */

/* Begin PBXProject section */
		3DB45D3D270529060037315F /* Project object */ = {
			isa = PBXProject;
			attributes = {
				LastSwiftUpdateCheck = 1030;
				LastUpgradeCheck = 1030;
				ORGANIZATIONNAME = Alumno;
				TargetAttributes = {
					3DB45D44270529060037315F = {
						CreatedOnToolsVersion = 10.3;
					};
					3DB45D582705290C0037315F = {
						CreatedOnToolsVersion = 10.3;
						TestTargetID = 3DB45D44270529060037315F;
					};
					3DB45D632705290C0037315F = {
						CreatedOnToolsVersion = 10.3;
						TestTargetID = 3DB45D44270529060037315F;
					};
				};
			};
			buildConfigurationList = 3DB45D40270529060037315F /* Build configuration list for PBXProject "Navegacion" */;
			compatibilityVersion = "Xcode 9.3";
			developmentRegion = en;
			hasScannedForEncodings = 0;
			knownRegions = (
				en,
				Base,
			);
			mainGroup = 3DB45D3C270529060037315F;
			productRefGroup = 3DB45D46270529070037315F /* Products */;
			projectDirPath = "";
			projectRoot = "";
			targets = (
				3DB45D44270529060037315F /* Navegacion */,
				3DB45D582705290C0037315F /* NavegacionTests */,
				3DB45D632705290C0037315F /* NavegacionUITests */,
			);
		};
/* End PBXProject section */

/* Begin PBXResourcesBuildPhase section */
		3DB45D43270529060037315F /* Resources */ = {
			isa = PBXResourcesBuildPhase;
			buildActionMask = 2147483647;
			files = (
				3DB45D532705290C0037315F /* LaunchScreen.storyboard in Resources */,
				3DB45D502705290C0037315F /* Assets.xcassets in Resources */,
				3DB45D4E270529070037315F /* Main.storyboard in Resources */,
			);
			runOnlyForDeploymentPostprocessing = 0;
		};
		3DB45D572705290C0037315F /* Resources */ = {
			isa = PBXResourcesBuildPhase;
			buildActionMask = 2147483647;
			files = (
			);
			runOnlyForDeploymentPostprocessing = 0;
		};
		3DB45D622705290C0037315F /* Resources */ = {
			isa = PBXResourcesBuildPhase;
			buildActionMask = 2147483647;
			files = (
			);
			runOnlyForDeploymentPostprocessing = 0;
		};
/* End PBXResourcesBuildPhase section */

/* Begin PBXSourcesBuildPhase section */
		3DB45D41270529060037315F /* Sources */ = {
			isa = PBXSourcesBuildPhase;
			buildActionMask = 2147483647;
			files = (
				3DB45D4B270529070037315F /* RosaController.swift in Sources */,
				3DB45D49270529070037315F /* AppDelegate.swift in Sources */,
				3DB45D7727052ED90037315F /* AzulController.swift in Sources */,
			);
			runOnlyForDeploymentPostprocessing = 0;
		};
		3DB45D552705290C0037315F /* Sources */ = {
			isa = PBXSourcesBuildPhase;
			buildActionMask = 2147483647;
			files = (
				3DB45D5E2705290C0037315F /* NavegacionTests.swift in Sources */,
			);
			runOnlyForDeploymentPostprocessing = 0;
		};
		3DB45D602705290C0037315F /* Sources */ = {
			isa = PBXSourcesBuildPhase;
			buildActionMask = 2147483647;
			files = (
				3DB45D692705290C0037315F /* NavegacionUITests.swift in Sources */,
			);
			runOnlyForDeploymentPostprocessing = 0;
		};
/* End PBXSourcesBuildPhase section */

/* Begin PBXTargetDependency section */
		3DB45D5B2705290C0037315F /* PBXTargetDependency */ = {
			isa = PBXTargetDependency;
			target = 3DB45D44270529060037315F /* Navegacion */;
			targetProxy = 3DB45D5A2705290C0037315F /* PBXContainerItemProxy */;
		};
		3DB45D662705290C0037315F /* PBXTargetDependency */ = {
			isa = PBXTargetDependency;
			target = 3DB45D44270529060037315F /* Navegacion */;
			targetProxy = 3DB45D652705290C0037315F /* PBXContainerItemProxy */;
		};
/* End PBXTargetDependency section */

/* Begin PBXVariantGroup section */
		3DB45D4C270529070037315F /* Main.storyboard */ = {
			isa = PBXVariantGroup;
			children = (
				3DB45D4D270529070037315F /* Base */,
			);
			name = Main.storyboard;
			sourceTree = "<group>";
		};
		3DB45D512705290C0037315F /* LaunchScreen.storyboard */ = {
			isa = PBXVariantGroup;
			children = (
				3DB45D522705290C0037315F /* Base */,
			);
			name = LaunchScreen.storyboard;
			sourceTree = "<group>";
		};
/* End PBXVariantGroup section */

/* Begin XCBuildConfiguration section */
		3DB45D6B2705290C0037315F /* Debug */ = {
			isa = XCBuildConfiguration;
			buildSettings = {
				ALWAYS_SEARCH_USER_PATHS = NO;
				CLANG_ANALYZER_NONNULL = YES;
				CLANG_ANALYZER_NUMBER_OBJECT_CONVERSION = YES_AGGRESSIVE;
				CLANG_CXX_LANGUAGE_STANDARD = "gnu++14";
				CLANG_CXX_LIBRARY = "libc++";
				CLANG_ENABLE_MODULES = YES;
				CLANG_ENABLE_OBJC_ARC = YES;
				CLANG_ENABLE_OBJC_WEAK = YES;
				CLANG_WARN_BLOCK_CAPTURE_AUTORELEASING = YES;
				CLANG_WARN_BOOL_CONVERSION = YES;
				CLANG_WARN_COMMA = YES;
				CLANG_WARN_CONSTANT_CONVERSION = YES;
				CLANG_WARN_DEPRECATED_OBJC_IMPLEMENTATIONS = YES;
				CLANG_WARN_DIRECT_OBJC_ISA_USAGE = YES_ERROR;
				CLANG_WARN_DOCUMENTATION_COMMENTS = YES;
				CLANG_WARN_EMPTY_BODY = YES;
				CLANG_WARN_ENUM_CONVERSION = YES;
				CLANG_WARN_INFINITE_RECURSION = YES;
				CLANG_WARN_INT_CONVERSION = YES;
				CLANG_WARN_NON_LITERAL_NULL_CONVERSION = YES;
				CLANG_WARN_OBJC_IMPLICIT_RETAIN_SELF = YES;
				CLANG_WARN_OBJC_LITERAL_CONVERSION = YES;
				CLANG_WARN_OBJC_ROOT_CLASS = YES_ERROR;
				CLANG_WARN_RANGE_LOOP_ANALYSIS = YES;
				CLANG_WARN_STRICT_PROTOTYPES = YES;
				CLANG_WARN_SUSPICIOUS_MOVE = YES;
				CLANG_WARN_UNGUARDED_AVAILABILITY = YES_AGGRESSIVE;
				CLANG_WARN_UNREACHABLE_CODE = YES;
				CLANG_WARN__DUPLICATE_METHOD_MATCH = YES;
				CODE_SIGN_IDENTITY = "iPhone Developer";
				COPY_PHASE_STRIP = NO;
				DEBUG_INFORMATION_FORMAT = dwarf;
				ENABLE_STRICT_OBJC_MSGSEND = YES;
				ENABLE_TESTABILITY = YES;
				GCC_C_LANGUAGE_STANDARD = gnu11;
				GCC_DYNAMIC_NO_PIC = NO;
				GCC_NO_COMMON_BLOCKS = YES;
				GCC_OPTIMIZATION_LEVEL = 0;
				GCC_PREPROCESSOR_DEFINITIONS = (
					"DEBUG=1",
					"$(inherited)",
				);
				GCC_WARN_64_TO_32_BIT_CONVERSION = YES;
				GCC_WARN_ABOUT_RETURN_TYPE = YES_ERROR;
				GCC_WARN_UNDECLARED_SELECTOR = YES;
				GCC_WARN_UNINITIALIZED_AUTOS = YES_AGGRESSIVE;
				GCC_WARN_UNUSED_FUNCTION = YES;
				GCC_WARN_UNUSED_VARIABLE = YES;
				IPHONEOS_DEPLOYMENT_TARGET = 12.4;
				MTL_ENABLE_DEBUG_INFO = INCLUDE_SOURCE;
				MTL_FAST_MATH = YES;
				ONLY_ACTIVE_ARCH = YES;
				SDKROOT = iphoneos;
				SWIFT_ACTIVE_COMPILATION_CONDITIONS = DEBUG;
				SWIFT_OPTIMIZATION_LEVEL = "-Onone";
			};
			name = Debug;
		};
		3DB45D6C2705290C0037315F /* Release */ = {
			isa = XCBuildConfiguration;
			buildSettings = {
				ALWAYS_SEARCH_USER_PATHS = NO;
				CLANG_ANALYZER_NONNULL = YES;
				CLANG_ANALYZER_NUMBER_OBJECT_CONVERSION = YES_AGGRESSIVE;
				CLANG_CXX_LANGUAGE_STANDARD = "gnu++14";
				CLANG_CXX_LIBRARY = "libc++";
				CLANG_ENABLE_MODULES = YES;
				CLANG_ENABLE_OBJC_ARC = YES;
				CLANG_ENABLE_OBJC_WEAK = YES;
				CLANG_WARN_BLOCK_CAPTURE_AUTORELEASING = YES;
				CLANG_WARN_BOOL_CONVERSION = YES;
				CLANG_WARN_COMMA = YES;
				CLANG_WARN_CONSTANT_CONVERSION = YES;
				CLANG_WARN_DEPRECATED_OBJC_IMPLEMENTATIONS = YES;
				CLANG_WARN_DIRECT_OBJC_ISA_USAGE = YES_ERROR;
				CLANG_WARN_DOCUMENTATION_COMMENTS = YES;
				CLANG_WARN_EMPTY_BODY = YES;
				CLANG_WARN_ENUM_CONVERSION = YES;
				CLANG_WARN_INFINITE_RECURSION = YES;
				CLANG_WARN_INT_CONVERSION = YES;
				CLANG_WARN_NON_LITERAL_NULL_CONVERSION = YES;
				CLANG_WARN_OBJC_IMPLICIT_RETAIN_SELF = YES;
				CLANG_WARN_OBJC_LITERAL_CONVERSION = YES;
				CLANG_WARN_OBJC_ROOT_CLASS = YES_ERROR;
				CLANG_WARN_RANGE_LOOP_ANALYSIS = YES;
				CLANG_WARN_STRICT_PROTOTYPES = YES;
				CLANG_WARN_SUSPICIOUS_MOVE = YES;
				CLANG_WARN_UNGUARDED_AVAILABILITY = YES_AGGRESSIVE;
				CLANG_WARN_UNREACHABLE_CODE = YES;
				CLANG_WARN__DUPLICATE_METHOD_MATCH = YES;
				CODE_SIGN_IDENTITY = "iPhone Developer";
				COPY_PHASE_STRIP = NO;
				DEBUG_INFORMATION_FORMAT = "dwarf-with-dsym";
				ENABLE_NS_ASSERTIONS = NO;
				ENABLE_STRICT_OBJC_MSGSEND = YES;
				GCC_C_LANGUAGE_STANDARD = gnu11;
				GCC_NO_COMMON_BLOCKS = YES;
				GCC_WARN_64_TO_32_BIT_CONVERSION = YES;
				GCC_WARN_ABOUT_RETURN_TYPE = YES_ERROR;
				GCC_WARN_UNDECLARED_SELECTOR = YES;
				GCC_WARN_UNINITIALIZED_AUTOS = YES_AGGRESSIVE;
				GCC_WARN_UNUSED_FUNCTION = YES;
				GCC_WARN_UNUSED_VARIABLE = YES;
				IPHONEOS_DEPLOYMENT_TARGET = 12.4;
				MTL_ENABLE_DEBUG_INFO = NO;
				MTL_FAST_MATH = YES;
				SDKROOT = iphoneos;
				SWIFT_COMPILATION_MODE = wholemodule;
				SWIFT_OPTIMIZATION_LEVEL = "-O";
				VALIDATE_PRODUCT = YES;
			};
			name = Release;
		};
		3DB45D6E2705290C0037315F /* Debug */ = {
			isa = XCBuildConfiguration;
			buildSettings = {
				ASSETCATALOG_COMPILER_APPICON_NAME = AppIcon;
				CODE_SIGN_STYLE = Automatic;
				INFOPLIST_FILE = Navegacion/Info.plist;
				LD_RUNPATH_SEARCH_PATHS = (
					"$(inherited)",
					"@executable_path/Frameworks",
				);
				PRODUCT_BUNDLE_IDENTIFIER = edu.ulsa.Navegacion;
				PRODUCT_NAME = "$(TARGET_NAME)";
				SWIFT_VERSION = 5.0;
				TARGETED_DEVICE_FAMILY = "1,2";
			};
			name = Debug;
		};
		3DB45D6F2705290C0037315F /* Release */ = {
			isa = XCBuildConfiguration;
			buildSettings = {
				ASSETCATALOG_COMPILER_APPICON_NAME = AppIcon;
				CODE_SIGN_STYLE = Automatic;
				INFOPLIST_FILE = Navegacion/Info.plist;
				LD_RUNPATH_SEARCH_PATHS = (
					"$(inherited)",
					"@executable_path/Frameworks",
				);
				PRODUCT_BUNDLE_IDENTIFIER = edu.ulsa.Navegacion;
				PRODUCT_NAME = "$(TARGET_NAME)";
				SWIFT_VERSION = 5.0;
				TARGETED_DEVICE_FAMILY = "1,2";
			};
			name = Release;
		};
		3DB45D712705290C0037315F /* Debug */ = {
			isa = XCBuildConfiguration;
			buildSettings = {
				ALWAYS_EMBED_SWIFT_STANDARD_LIBRARIES = YES;
				BUNDLE_LOADER = "$(TEST_HOST)";
				CODE_SIGN_STYLE = Automatic;
				INFOPLIST_FILE = NavegacionTests/Info.plist;
				LD_RUNPATH_SEARCH_PATHS = (
					"$(inherited)",
					"@executable_path/Frameworks",
					"@loader_path/Frameworks",
				);
				PRODUCT_BUNDLE_IDENTIFIER = edu.ulsa.NavegacionTests;
				PRODUCT_NAME = "$(TARGET_NAME)";
				SWIFT_VERSION = 5.0;
				TARGETED_DEVICE_FAMILY = "1,2";
				TEST_HOST = "$(BUILT_PRODUCTS_DIR)/Navegacion.app/Navegacion";
			};
			name = Debug;
		};
		3DB45D722705290C0037315F /* Release */ = {
			isa = XCBuildConfiguration;
			buildSettings = {
				ALWAYS_EMBED_SWIFT_STANDARD_LIBRARIES = YES;
				BUNDLE_LOADER = "$(TEST_HOST)";
				CODE_SIGN_STYLE = Automatic;
				INFOPLIST_FILE = NavegacionTests/Info.plist;
				LD_RUNPATH_SEARCH_PATHS = (
					"$(inherited)",
					"@executable_path/Frameworks",
					"@loader_path/Frameworks",
				);
				PRODUCT_BUNDLE_IDENTIFIER = edu.ulsa.NavegacionTests;
				PRODUCT_NAME = "$(TARGET_NAME)";
				SWIFT_VERSION = 5.0;
				TARGETED_DEVICE_FAMILY = "1,2";
				TEST_HOST = "$(BUILT_PRODUCTS_DIR)/Navegacion.app/Navegacion";
			};
			name = Release;
		};
		3DB45D742705290C0037315F /* Debug */ = {
			isa = XCBuildConfiguration;
			buildSettings = {
				ALWAYS_EMBED_SWIFT_STANDARD_LIBRARIES = YES;
				CODE_SIGN_STYLE = Automatic;
				INFOPLIST_FILE = NavegacionUITests/Info.plist;
				LD_RUNPATH_SEARCH_PATHS = (
					"$(inherited)",
					"@executable_path/Frameworks",
					"@loader_path/Frameworks",
				);
				PRODUCT_BUNDLE_IDENTIFIER = edu.ulsa.NavegacionUITests;
				PRODUCT_NAME = "$(TARGET_NAME)";
				SWIFT_VERSION = 5.0;
				TARGETED_DEVICE_FAMILY = "1,2";
				TEST_TARGET_NAME = Navegacion;
			};
			name = Debug;
		};
		3DB45D752705290C0037315F /* Release */ = {
			isa = XCBuildConfiguration;
			buildSettings = {
				ALWAYS_EMBED_SWIFT_STANDARD_LIBRARIES = YES;
				CODE_SIGN_STYLE = Automatic;
				INFOPLIST_FILE = NavegacionUITests/Info.plist;
				LD_RUNPATH_SEARCH_PATHS = (
					"$(inherited)",
					"@executable_path/Frameworks",
					"@loader_path/Frameworks",
				);
				PRODUCT_BUNDLE_IDENTIFIER = edu.ulsa.NavegacionUITests;
				PRODUCT_NAME = "$(TARGET_NAME)";
				SWIFT_VERSION = 5.0;
				TARGETED_DEVICE_FAMILY = "1,2";
				TEST_TARGET_NAME = Navegacion;
			};
			name = Release;
		};
/* End XCBuildConfiguration section */

/* Begin XCConfigurationList section */
		3DB45D40270529060037315F /* Build configuration list for PBXProject "Navegacion" */ = {
			isa = XCConfigurationList;
			buildConfigurations = (
				3DB45D6B2705290C0037315F /* Debug */,
				3DB45D6C2705290C0037315F /* Release */,
			);
			defaultConfigurationIsVisible = 0;
			defaultConfigurationName = Release;
		};
		3DB45D6D2705290C0037315F /* Build configuration list for PBXNativeTarget "Navegacion" */ = {
			isa = XCConfigurationList;
			buildConfigurations = (
				3DB45D6E2705290C0037315F /* Debug */,
				3DB45D6F2705290C0037315F /* Release */,
			);
			defaultConfigurationIsVisible = 0;
			defaultConfigurationName = Release;
		};
		3DB45D702705290C0037315F /* Build configuration list for PBXNativeTarget "NavegacionTests" */ = {
			isa = XCConfigurationList;
			buildConfigurations = (
				3DB45D712705290C0037315F /* Debug */,
				3DB45D722705290C0037315F /* Release */,
			);
			defaultConfigurationIsVisible = 0;
			defaultConfigurationName = Release;
		};
		3DB45D732705290C0037315F /* Build configuration list for PBXNativeTarget "NavegacionUITests" */ = {
			isa = XCConfigurationList;
			buildConfigurations = (
				3DB45D742705290C0037315F /* Debug */,
				3DB45D752705290C0037315F /* Release */,
			);
			defaultConfigurationIsVisible = 0;
			defaultConfigurationName = Release;
		};
/* End XCConfigurationList section */
	};
	rootObject = 3DB45D3D270529060037315F /* Project object */;
}
